
Microsoft Visual Studio Solution File, Format Version 12.00
# Visual Studio Version 17
VisualStudioVersion = 17.0.32002.185
MinimumVisualStudioVersion = 10.0.40219.1
Project("{FAE04EC0-301F-11D3-BF4B-00C04F79EFBC}") = "Book-Shop", "Book-Shop\Book-Shop.csproj", "{399379B8-133F-47A6-8E1A-337995EF878A}"
EndProject
Global
	GlobalSection(SolutionConfigurationPlatforms) = preSolution
		Debug|Any CPU = Debug|Any CPU
		Release|Any CPU = Release|Any CPU
	EndGlobalSection
	GlobalSection(ProjectConfigurationPlatforms) = postSolution
		{399379B8-133F-47A6-8E1A-337995EF878A}.Debug|Any CPU.ActiveCfg = Debug|Any CPU
		{399379B8-133F-47A6-8E1A-337995EF878A}.Debug|Any CPU.Build.0 = Debug|Any CPU
		{399379B8-133F-47A6-8E1A-337995EF878A}.Release|Any CPU.ActiveCfg = Release|Any CPU
		{399379B8-133F-47A6-8E1A-337995EF878A}.Release|Any CPU.Build.0 = Release|Any CPU
	EndGlobalSection
	GlobalSection(SolutionProperties) = preSolution
		HideSolutionNode = FALSE
	EndGlobalSection
	GlobalSection(ExtensibilityGlobals) = postSolution
		SolutionGuid = {D5EEAE91-FB64-4C6A-A196-A8BA962F4879}
	EndGlobalSection
EndGlobal
